// !$*UTF8*$!
{
	archiveVersion = 1;
	classes = {
	};
	objectVersion = 46;
	objects = {

/* Begin PBXBuildFile section */
		499680E11BFCAF6000E0A1C3 /* main.m in Sources */ = {isa = PBXBuildFile; fileRef = 499680E01BFCAF6000E0A1C3 /* main.m */; };
		499680E41BFCAF6000E0A1C3 /* AppDelegate.m in Sources */ = {isa = PBXBuildFile; fileRef = 499680E31BFCAF6000E0A1C3 /* AppDelegate.m */; };
		499680E71BFCAF6000E0A1C3 /* ViewController.m in Sources */ = {isa = PBXBuildFile; fileRef = 499680E61BFCAF6000E0A1C3 /* ViewController.m */; };
		499680EA1BFCAF6100E0A1C3 /* Main.storyboard in Resources */ = {isa = PBXBuildFile; fileRef = 499680E81BFCAF6100E0A1C3 /* Main.storyboard */; };
		499680EC1BFCAF6100E0A1C3 /* Assets.xcassets in Resources */ = {isa = PBXBuildFile; fileRef = 499680EB1BFCAF6100E0A1C3 /* Assets.xcassets */; };
		499680EF1BFCAF6100E0A1C3 /* LaunchScreen.storyboard in Resources */ = {isa = PBXBuildFile; fileRef = 499680ED1BFCAF6100E0A1C3 /* LaunchScreen.storyboard */; };
		499680FA1BFCAF6100E0A1C3 /* SCCleanCacheTests.m in Sources */ = {isa = PBXBuildFile; fileRef = 499680F91BFCAF6100E0A1C3 /* SCCleanCacheTests.m */; };
		499681051BFCAF6100E0A1C3 /* SCCleanCacheUITests.m in Sources */ = {isa = PBXBuildFile; fileRef = 499681041BFCAF6100E0A1C3 /* SCCleanCacheUITests.m */; };
		4996811B1BFCB99B00E0A1C3 /* SCCleanCache.m in Sources */ = {isa = PBXBuildFile; fileRef = 4996811A1BFCB99B00E0A1C3 /* SCCleanCache.m */; settings = {ASSET_TAGS = (); }; };
/* End PBXBuildFile section */

/* Begin PBXContainerItemProxy section */
		499680F61BFCAF6100E0A1C3 /* PBXContainerItemProxy */ = {
			isa = PBXContainerItemProxy;
			containerPortal = 499680D41BFCAF6000E0A1C3 /* Project object */;
			proxyType = 1;
			remoteGlobalIDString = 499680DB1BFCAF6000E0A1C3;
			remoteInfo = SCCleanCache;
		};
		499681011BFCAF6100E0A1C3 /* PBXContainerItemProxy */ = {
			isa = PBXContainerItemProxy;
			containerPortal = 499680D41BFCAF6000E0A1C3 /* Project object */;
			proxyType = 1;
			remoteGlobalIDString = 499680DB1BFCAF6000E0A1C3;
			remoteInfo = SCCleanCache;
		};
/* End PBXContainerItemProxy section */

/* Begin PBXFileReference section */
		499680DC1BFCAF6000E0A1C3 /* SCCleanCache.app */ = {isa = PBXFileReference; explicitFileType = wrapper.application; includeInIndex = 0; path = SCCleanCache.app; sourceTree = BUILT_PRODUCTS_DIR; };
		499680E01BFCAF6000E0A1C3 /* main.m */ = {isa = PBXFileReference; lastKnownFileType = sourcecode.c.objc; path = main.m; sourceTree = "<group>"; };
		499680E21BFCAF6000E0A1C3 /* AppDelegate.h */ = {isa = PBXFileReference; lastKnownFileType = sourcecode.c.h; path = AppDelegate.h; sourceTree = "<group>"; };
		499680E31BFCAF6000E0A1C3 /* AppDelegate.m */ = {isa = PBXFileReference; lastKnownFileType = sourcecode.c.objc; path = AppDelegate.m; sourceTree = "<group>"; };
		499680E51BFCAF6000E0A1C3 /* ViewController.h */ = {isa = PBXFileReference; lastKnownFileType = sourcecode.c.h; path = ViewController.h; sourceTree = "<group>"; };
		499680E61BFCAF6000E0A1C3 /* ViewController.m */ = {isa = PBXFileReference; lastKnownFileType = sourcecode.c.objc; path = ViewController.m; sourceTree = "<group>"; };
		499680E91BFCAF6100E0A1C3 /* Base */ = {isa = PBXFileReference; lastKnownFileType = file.storyboard; name = Base; path = Base.lproj/Main.storyboard; sourceTree = "<group>"; };
		499680EB1BFCAF6100E0A1C3 /* Assets.xcassets */ = {isa = PBXFileReference; lastKnownFileType = folder.assetcatalog; path = Assets.xcassets; sourceTree = "<group>"; };
		499680EE1BFCAF6100E0A1C3 /* Base */ = {isa = PBXFileReference; lastKnownFileType = file.storyboard; name = Base; path = Base.lproj/LaunchScreen.storyboard; sourceTree = "<group>"; };
		499680F01BFCAF6100E0A1C3 /* Info.plist */ = {isa = PBXFileReference; lastKnownFileType = text.plist.xml; path = Info.plist; sourceTree = "<group>"; };
		499680F51BFCAF6100E0A1C3 /* SCCleanCacheTests.xctest */ = {isa = PBXFileReference; explicitFileType = wrapper.cfbundle; includeInIndex = 0; path = SCCleanCacheTests.xctest; sourceTree = BUILT_PRODUCTS_DIR; };
		499680F91BFCAF6100E0A1C3 /* SCCleanCacheTests.m */ = {isa = PBXFileReference; lastKnownFileType = sourcecode.c.objc; path = SCCleanCacheTests.m; sourceTree = "<group>"; };
		499680FB1BFCAF6100E0A1C3 /* Info.plist */ = {isa = PBXFileReference; lastKnownFileType = text.plist.xml; path = Info.plist; sourceTree = "<group>"; };
		499681001BFCAF6100E0A1C3 /* SCCleanCacheUITests.xctest */ = {isa = PBXFileReference; explicitFileType = wrapper.cfbundle; includeInIndex = 0; path = SCCleanCacheUITests.xctest; sourceTree = BUILT_PRODUCTS_DIR; };
		499681041BFCAF6100E0A1C3 /* SCCleanCacheUITests.m */ = {isa = PBXFileReference; lastKnownFileType = sourcecode.c.objc; path = SCCleanCacheUITests.m; sourceTree = "<group>"; };
		499681061BFCAF6100E0A1C3 /* Info.plist */ = {isa = PBXFileReference; lastKnownFileType = text.plist.xml; path = Info.plist; sourceTree = "<group>"; };
		499681191BFCB99B00E0A1C3 /* SCCleanCache.h */ = {isa = PBXFileReference; fileEncoding = 4; lastKnownFileType = sourcecode.c.h; path = SCCleanCache.h; sourceTree = "<group>"; };
		4996811A1BFCB99B00E0A1C3 /* SCCleanCache.m */ = {isa = PBXFileReference; fileEncoding = 4; lastKnownFileType = sourcecode.c.objc; path = SCCleanCache.m; sourceTree = "<group>"; };
/* End PBXFileReference section */

/* Begin PBXFrameworksBuildPhase section */
		499680D91BFCAF6000E0A1C3 /* Frameworks */ = {
			isa = PBXFrameworksBuildPhase;
			buildActionMask = 2147483647;
			files = (
			);
			runOnlyForDeploymentPostprocessing = 0;
		};
		499680F21BFCAF6100E0A1C3 /* Frameworks */ = {
			isa = PBXFrameworksBuildPhase;
			buildActionMask = 2147483647;
			files = (
			);
			runOnlyForDeploymentPostprocessing = 0;
		};
		499680FD1BFCAF6100E0A1C3 /* Frameworks */ = {
			isa = PBXFrameworksBuildPhase;
			buildActionMask = 2147483647;
			files = (
			);
			runOnlyForDeploymentPostprocessing = 0;
		};
/* End PBXFrameworksBuildPhase section */

/* Begin PBXGroup section */
		499680D31BFCAF6000E0A1C3 = {
			isa = PBXGroup;
			children = (
				499680DE1BFCAF6000E0A1C3 /* SCCleanCache */,
				499680F81BFCAF6100E0A1C3 /* SCCleanCacheTests */,
				499681031BFCAF6100E0A1C3 /* SCCleanCacheUITests */,
				499680DD1BFCAF6000E0A1C3 /* Products */,
			);
			sourceTree = "<group>";
		};
		499680DD1BFCAF6000E0A1C3 /* Products */ = {
			isa = PBXGroup;
			children = (
				499680DC1BFCAF6000E0A1C3 /* SCCleanCache.app */,
				499680F51BFCAF6100E0A1C3 /* SCCleanCacheTests.xctest */,
				499681001BFCAF6100E0A1C3 /* SCCleanCacheUITests.xctest */,
			);
			name = Products;
			sourceTree = "<group>";
		};
		499680DE1BFCAF6000E0A1C3 /* SCCleanCache */ = {
			isa = PBXGroup;
			children = (
				499681151BFCB0B900E0A1C3 /* CleanCache */,
				499680E21BFCAF6000E0A1C3 /* AppDelegate.h */,
				499680E31BFCAF6000E0A1C3 /* AppDelegate.m */,
				499680E51BFCAF6000E0A1C3 /* ViewController.h */,
				499680E61BFCAF6000E0A1C3 /* ViewController.m */,
				499680E81BFCAF6100E0A1C3 /* Main.storyboard */,
				499680EB1BFCAF6100E0A1C3 /* Assets.xcassets */,
				499680ED1BFCAF6100E0A1C3 /* LaunchScreen.storyboard */,
				499680F01BFCAF6100E0A1C3 /* Info.plist */,
				499680DF1BFCAF6000E0A1C3 /* Supporting Files */,
			);
			path = SCCleanCache;
			sourceTree = "<group>";
		};
		499680DF1BFCAF6000E0A1C3 /* Supporting Files */ = {
			isa = PBXGroup;
			children = (
				499680E01BFCAF6000E0A1C3 /* main.m */,
			);
			name = "Supporting Files";
			sourceTree = "<group>";
		};
		499680F81BFCAF6100E0A1C3 /* SCCleanCacheTests */ = {
			isa = PBXGroup;
			children = (
				499680F91BFCAF6100E0A1C3 /* SCCleanCacheTests.m */,
				499680FB1BFCAF6100E0A1C3 /* Info.plist */,
			);
			path = SCCleanCacheTests;
			sourceTree = "<group>";
		};
		499681031BFCAF6100E0A1C3 /* SCCleanCacheUITests */ = {
			isa = PBXGroup;
			children = (
				499681041BFCAF6100E0A1C3 /* SCCleanCacheUITests.m */,
				499681061BFCAF6100E0A1C3 /* Info.plist */,
			);
			path = SCCleanCacheUITests;
			sourceTree = "<group>";
		};
		499681151BFCB0B900E0A1C3 /* CleanCache */ = {
			isa = PBXGroup;
			children = (
				499681191BFCB99B00E0A1C3 /* SCCleanCache.h */,
				4996811A1BFCB99B00E0A1C3 /* SCCleanCache.m */,
			);
			path = CleanCache;
			sourceTree = "<group>";
		};
/* End PBXGroup section */

/* Begin PBXNativeTarget section */
		499680DB1BFCAF6000E0A1C3 /* SCCleanCache */ = {
			isa = PBXNativeTarget;
			buildConfigurationList = 499681091BFCAF6100E0A1C3 /* Build configuration list for PBXNativeTarget "SCCleanCache" */;
			buildPhases = (
				499680D81BFCAF6000E0A1C3 /* Sources */,
				499680D91BFCAF6000E0A1C3 /* Frameworks */,
				499680DA1BFCAF6000E0A1C3 /* Resources */,
			);
			buildRules = (
			);
			dependencies = (
			);
			name = SCCleanCache;
			productName = SCCleanCache;
			productReference = 499680DC1BFCAF6000E0A1C3 /* SCCleanCache.app */;
			productType = "com.apple.product-type.application";
		};
		499680F41BFCAF6100E0A1C3 /* SCCleanCacheTests */ = {
			isa = PBXNativeTarget;
			buildConfigurationList = 4996810C1BFCAF6100E0A1C3 /* Build configuration list for PBXNativeTarget "SCCleanCacheTests" */;
			buildPhases = (
				499680F11BFCAF6100E0A1C3 /* Sources */,
				499680F21BFCAF6100E0A1C3 /* Frameworks */,
				499680F31BFCAF6100E0A1C3 /* Resources */,
			);
			buildRules = (
			);
			dependencies = (
				499680F71BFCAF6100E0A1C3 /* PBXTargetDependency */,
			);
			name = SCCleanCacheTests;
			productName = SCCleanCacheTests;
			productReference = 499680F51BFCAF6100E0A1C3 /* SCCleanCacheTests.xctest */;
			productType = "com.apple.product-type.bundle.unit-test";
		};
		499680FF1BFCAF6100E0A1C3 /* SCCleanCacheUITests */ = {
			isa = PBXNativeTarget;
			buildConfigurationList = 4996810F1BFCAF6100E0A1C3 /* Build configuration list for PBXNativeTarget "SCCleanCacheUITests" */;
			buildPhases = (
				499680FC1BFCAF6100E0A1C3 /* Sources */,
				499680FD1BFCAF6100E0A1C3 /* Frameworks */,
				499680FE1BFCAF6100E0A1C3 /* Resources */,
			);
			buildRules = (
			);
			dependencies = (
				499681021BFCAF6100E0A1C3 /* PBXTargetDependency */,
			);
			name = SCCleanCacheUITests;
			productName = SCCleanCacheUITests;
			productReference = 499681001BFCAF6100E0A1C3 /* SCCleanCacheUITests.xctest */;
			productType = "com.apple.product-type.bundle.ui-testing";
		};
/* End PBXNativeTarget section */

/* Begin PBXProject section */
		499680D41BFCAF6000E0A1C3 /* Project object */ = {
			isa = PBXProject;
			attributes = {
				LastUpgradeCheck = 0700;
				ORGANIZATIONNAME = SC;
				TargetAttributes = {
					499680DB1BFCAF6000E0A1C3 = {
						CreatedOnToolsVersion = 7.0.1;
					};
					499680F41BFCAF6100E0A1C3 = {
						CreatedOnToolsVersion = 7.0.1;
						TestTargetID = 499680DB1BFCAF6000E0A1C3;
					};
					499680FF1BFCAF6100E0A1C3 = {
						CreatedOnToolsVersion = 7.0.1;
						TestTargetID = 499680DB1BFCAF6000E0A1C3;
					};
				};
			};
			buildConfigurationList = 499680D71BFCAF6000E0A1C3 /* Build configuration list for PBXProject "SCCleanCache" */;
			compatibilityVersion = "Xcode 3.2";
			developmentRegion = English;
			hasScannedForEncodings = 0;
			knownRegions = (
				en,
				Base,
			);
			mainGroup = 499680D31BFCAF6000E0A1C3;
			productRefGroup = 499680DD1BFCAF6000E0A1C3 /* Products */;
			projectDirPath = "";
			projectRoot = "";
			targets = (
				499680DB1BFCAF6000E0A1C3 /* SCCleanCache */,
				499680F41BFCAF6100E0A1C3 /* SCCleanCacheTests */,
				499680FF1BFCAF6100E0A1C3 /* SCCleanCacheUITests */,
			);
		};
/* End PBXProject section */

/* Begin PBXResourcesBuildPhase section */
		499680DA1BFCAF6000E0A1C3 /* Resources */ = {
			isa = PBXResourcesBuildPhase;
			buildActionMask = 2147483647;
			files = (
				499680EF1BFCAF6100E0A1C3 /* LaunchScreen.storyboard in Resources */,
				499680EC1BFCAF6100E0A1C3 /* Assets.xcassets in Resources */,
				499680EA1BFCAF6100E0A1C3 /* Main.storyboard in Resources */,
			);
			runOnlyForDeploymentPostprocessing = 0;
		};
		499680F31BFCAF6100E0A1C3 /* Resources */ = {
			isa = PBXResourcesBuildPhase;
			buildActionMask = 2147483647;
			files = (
			);
			runOnlyForDeploymentPostprocessing = 0;
		};
		499680FE1BFCAF6100E0A1C3 /* Resources */ = {
			isa = PBXResourcesBuildPhase;
			buildActionMask = 2147483647;
			files = (
			);
			runOnlyForDeploymentPostprocessing = 0;
		};
/* End PBXResourcesBuildPhase section */

/* Begin PBXSourcesBuildPhase section */
		499680D81BFCAF6000E0A1C3 /* Sources */ = {
			isa = PBXSourcesBuildPhase;
			buildActionMask = 2147483647;
			files = (
				499680E71BFCAF6000E0A1C3 /* ViewController.m in Sources */,
				499680E41BFCAF6000E0A1C3 /* AppDelegate.m in Sources */,
				499680E11BFCAF6000E0A1C3 /* main.m in Sources */,
				4996811B1BFCB99B00E0A1C3 /* SCCleanCache.m in Sources */,
			);
			runOnlyForDeploymentPostprocessing = 0;
		};
		499680F11BFCAF6100E0A1C3 /* Sources */ = {
			isa = PBXSourcesBuildPhase;
			buildActionMask = 2147483647;
			files = (
				499680FA1BFCAF6100E0A1C3 /* SCCleanCacheTests.m in Sources */,
			);
			runOnlyForDeploymentPostprocessing = 0;
		};
		499680FC1BFCAF6100E0A1C3 /* Sources */ = {
			isa = PBXSourcesBuildPhase;
			buildActionMask = 2147483647;
			files = (
				499681051BFCAF6100E0A1C3 /* SCCleanCacheUITests.m in Sources */,
			);
			runOnlyForDeploymentPostprocessing = 0;
		};
/* End PBXSourcesBuildPhase section */

/* Begin PBXTargetDependency section */
		499680F71BFCAF6100E0A1C3 /* PBXTargetDependency */ = {
			isa = PBXTargetDependency;
			target = 499680DB1BFCAF6000E0A1C3 /* SCCleanCache */;
			targetProxy = 499680F61BFCAF6100E0A1C3 /* PBXContainerItemProxy */;
		};
		499681021BFCAF6100E0A1C3 /* PBXTargetDependency */ = {
			isa = PBXTargetDependency;
			target = 499680DB1BFCAF6000E0A1C3 /* SCCleanCache */;
			targetProxy = 499681011BFCAF6100E0A1C3 /* PBXContainerItemProxy */;
		};
/* End PBXTargetDependency section */

/* Begin PBXVariantGroup section */
		499680E81BFCAF6100E0A1C3 /* Main.storyboard */ = {
			isa = PBXVariantGroup;
			children = (
				499680E91BFCAF6100E0A1C3 /* Base */,
			);
			name = Main.storyboard;
			sourceTree = "<group>";
		};
		499680ED1BFCAF6100E0A1C3 /* LaunchScreen.storyboard */ = {
			isa = PBXVariantGroup;
			children = (
				499680EE1BFCAF6100E0A1C3 /* Base */,
			);
			name = LaunchScreen.storyboard;
			sourceTree = "<group>";
		};
/* End PBXVariantGroup section */

/* Begin XCBuildConfiguration section */
		499681071BFCAF6100E0A1C3 /* Debug */ = {
			isa = XCBuildConfiguration;
			buildSettings = {
				ALWAYS_SEARCH_USER_PATHS = NO;
				CLANG_CXX_LANGUAGE_STANDARD = "gnu++0x";
				CLANG_CXX_LIBRARY = "libc++";
				CLANG_ENABLE_MODULES = YES;
				CLANG_ENABLE_OBJC_ARC = YES;
				CLANG_WARN_BOOL_CONVERSION = YES;
				CLANG_WARN_CONSTANT_CONVERSION = YES;
				CLANG_WARN_DIRECT_OBJC_ISA_USAGE = YES_ERROR;
				CLANG_WARN_EMPTY_BODY = YES;
				CLANG_WARN_ENUM_CONVERSION = YES;
				CLANG_WARN_INT_CONVERSION = YES;
				CLANG_WARN_OBJC_ROOT_CLASS = YES_ERROR;
				CLANG_WARN_UNREACHABLE_CODE = YES;
				CLANG_WARN__DUPLICATE_METHOD_MATCH = YES;
				"CODE_SIGN_IDENTITY[sdk=iphoneos*]" = "iPhone Developer";
				COPY_PHASE_STRIP = NO;
				DEBUG_INFORMATION_FORMAT = dwarf;
				ENABLE_STRICT_OBJC_MSGSEND = YES;
				ENABLE_TESTABILITY = YES;
				GCC_C_LANGUAGE_STANDARD = gnu99;
				GCC_DYNAMIC_NO_PIC = NO;
				GCC_NO_COMMON_BLOCKS = YES;
				GCC_OPTIMIZATION_LEVEL = 0;
				GCC_PREPROCESSOR_DEFINITIONS = (
					"DEBUG=1",
					"$(inherited)",
				);
				GCC_WARN_64_TO_32_BIT_CONVERSION = YES;
				GCC_WARN_ABOUT_RETURN_TYPE = YES_ERROR;
				GCC_WARN_UNDECLARED_SELECTOR = YES;
				GCC_WARN_UNINITIALIZED_AUTOS = YES_AGGRESSIVE;
				GCC_WARN_UNUSED_FUNCTION = YES;
				GCC_WARN_UNUSED_VARIABLE = YES;
				IPHONEOS_DEPLOYMENT_TARGET = 9.0;
				MTL_ENABLE_DEBUG_INFO = YES;
				ONLY_ACTIVE_ARCH = YES;
				SDKROOT = iphoneos;
			};
			name = Debug;
		};
		499681081BFCAF6100E0A1C3 /* Release */ = {
			isa = XCBuildConfiguration;
			buildSettings = {
				ALWAYS_SEARCH_USER_PATHS = NO;
				CLANG_CXX_LANGUAGE_STANDARD = "gnu++0x";
				CLANG_CXX_LIBRARY = "libc++";
				CLANG_ENABLE_MODULES = YES;
				CLANG_ENABLE_OBJC_ARC = YES;
				CLANG_WARN_BOOL_CONVERSION = YES;
				CLANG_WARN_CONSTANT_CONVERSION = YES;
				CLANG_WARN_DIRECT_OBJC_ISA_USAGE = YES_ERROR;
				CLANG_WARN_EMPTY_BODY = YES;
				CLANG_WARN_ENUM_CONVERSION = YES;
				CLANG_WARN_INT_CONVERSION = YES;
				CLANG_WARN_OBJC_ROOT_CLASS = YES_ERROR;
				CLANG_WARN_UNREACHABLE_CODE = YES;
				CLANG_WARN__DUPLICATE_METHOD_MATCH = YES;
				"CODE_SIGN_IDENTITY[sdk=iphoneos*]" = "iPhone Developer";
				COPY_PHASE_STRIP = NO;
				DEBUG_INFORMATION_FORMAT = "dwarf-with-dsym";
				ENABLE_NS_ASSERTIONS = NO;
				ENABLE_STRICT_OBJC_MSGSEND = YES;
				GCC_C_LANGUAGE_STANDARD = gnu99;
				GCC_NO_COMMON_BLOCKS = YES;
				GCC_WARN_64_TO_32_BIT_CONVERSION = YES;
				GCC_WARN_ABOUT_RETURN_TYPE = YES_ERROR;
				GCC_WARN_UNDECLARED_SELECTOR = YES;
				GCC_WARN_UNINITIALIZED_AUTOS = YES_AGGRESSIVE;
				GCC_WARN_UNUSED_FUNCTION = YES;
				GCC_WARN_UNUSED_VARIABLE = YES;
				IPHONEOS_DEPLOYMENT_TARGET = 9.0;
				MTL_ENABLE_DEBUG_INFO = NO;
				SDKROOT = iphoneos;
				VALIDATE_PRODUCT = YES;
			};
			name = Release;
		};
		4996810A1BFCAF6100E0A1C3 /* Debug */ = {
			isa = XCBuildConfiguration;
			buildSettings = {
				ASSETCATALOG_COMPILER_APPICON_NAME = AppIcon;
				INFOPLIST_FILE = SCCleanCache/Info.plist;
				LD_RUNPATH_SEARCH_PATHS = "$(inherited) @executable_path/Frameworks";
				PRODUCT_BUNDLE_IDENTIFIER = "--.SCCleanCache";
				PRODUCT_NAME = "$(TARGET_NAME)";
			};
			name = Debug;
		};
		4996810B1BFCAF6100E0A1C3 /* Release */ = {
			isa = XCBuildConfiguration;
			buildSettings = {
				ASSETCATALOG_COMPILER_APPICON_NAME = AppIcon;
				INFOPLIST_FILE = SCCleanCache/Info.plist;
				LD_RUNPATH_SEARCH_PATHS = "$(inherited) @executable_path/Frameworks";
				PRODUCT_BUNDLE_IDENTIFIER = "--.SCCleanCache";
				PRODUCT_NAME = "$(TARGET_NAME)";
			};
			name = Release;
		};
		4996810D1BFCAF6100E0A1C3 /* Debug */ = {
			isa = XCBuildConfiguration;
			buildSettings = {
				BUNDLE_LOADER = "$(TEST_HOST)";
				INFOPLIST_FILE = SCCleanCacheTests/Info.plist;
				LD_RUNPATH_SEARCH_PATHS = "$(inherited) @executable_path/Frameworks @loader_path/Frameworks";
				PRODUCT_BUNDLE_IDENTIFIER = "--.SCCleanCacheTests";
				PRODUCT_NAME = "$(TARGET_NAME)";
				TEST_HOST = "$(BUILT_PRODUCTS_DIR)/SCCleanCache.app/SCCleanCache";
			};
			name = Debug;
		};
		4996810E1BFCAF6100E0A1C3 /* Release */ = {
			isa = XCBuildConfiguration;
			buildSettings = {
				BUNDLE_LOADER = "$(TEST_HOST)";
				INFOPLIST_FILE = SCCleanCacheTests/Info.plist;
				LD_RUNPATH_SEARCH_PATHS = "$(inherited) @executable_path/Frameworks @loader_path/Frameworks";
				PRODUCT_BUNDLE_IDENTIFIER = "--.SCCleanCacheTests";
				PRODUCT_NAME = "$(TARGET_NAME)";
				TEST_HOST = "$(BUILT_PRODUCTS_DIR)/SCCleanCache.app/SCCleanCache";
			};
			name = Release;
		};
		499681101BFCAF6100E0A1C3 /* Debug */ = {
			isa = XCBuildConfiguration;
			buildSettings = {
				INFOPLIST_FILE = SCCleanCacheUITests/Info.plist;
				LD_RUNPATH_SEARCH_PATHS = "$(inherited) @executable_path/Frameworks @loader_path/Frameworks";
				PRODUCT_BUNDLE_IDENTIFIER = "--.SCCleanCacheUITests";
				PRODUCT_NAME = "$(TARGET_NAME)";
				TEST_TARGET_NAME = SCCleanCache;
				USES_XCTRUNNER = YES;
			};
			name = Debug;
		};
		499681111BFCAF6100E0A1C3 /* Release */ = {
			isa = XCBuildConfiguration;
			buildSettings = {
				INFOPLIST_FILE = SCCleanCacheUITests/Info.plist;
				LD_RUNPATH_SEARCH_PATHS = "$(inherited) @executable_path/Frameworks @loader_path/Frameworks";
				PRODUCT_BUNDLE_IDENTIFIER = "--.SCCleanCacheUITests";
				PRODUCT_NAME = "$(TARGET_NAME)";
				TEST_TARGET_NAME = SCCleanCache;
				USES_XCTRUNNER = YES;
			};
			name = Release;
		};
/* End XCBuildConfiguration section */

/* Begin XCConfigurationList section */
		499680D71BFCAF6000E0A1C3 /* Build configuration list for PBXProject "SCCleanCache" */ = {
			isa = XCConfigurationList;
			buildConfigurations = (
				499681071BFCAF6100E0A1C3 /* Debug */,
				499681081BFCAF6100E0A1C3 /* Release */,
			);
			defaultConfigurationIsVisible = 0;
			defaultConfigurationName = Release;
		};
		499681091BFCAF6100E0A1C3 /* Build configuration list for PBXNativeTarget "SCCleanCache" */ = {
			isa = XCConfigurationList;
			buildConfigurations = (
				4996810A1BFCAF6100E0A1C3 /* Debug */,
				4996810B1BFCAF6100E0A1C3 /* Release */,
			);
			defaultConfigurationIsVisible = 0;
			defaultConfigurationName = Release;
		};
		4996810C1BFCAF6100E0A1C3 /* Build configuration list for PBXNativeTarget "SCCleanCacheTests" */ = {
			isa = XCConfigurationList;
			buildConfigurations = (
				4996810D1BFCAF6100E0A1C3 /* Debug */,
				4996810E1BFCAF6100E0A1C3 /* Release */,
			);
			defaultConfigurationIsVisible = 0;
			defaultConfigurationName = Release;
		};
		4996810F1BFCAF6100E0A1C3 /* Build configuration list for PBXNativeTarget "SCCleanCacheUITests" */ = {
			isa = XCConfigurationList;
			buildConfigurations = (
				499681101BFCAF6100E0A1C3 /* Debug */,
				499681111BFCAF6100E0A1C3 /* Release */,
			);
			defaultConfigurationIsVisible = 0;
			defaultConfigurationName = Release;
		};
/* End XCConfigurationList section */
	};
	rootObject = 499680D41BFCAF6000E0A1C3 /* Project object */;
}
